
Microsoft Visual Studio Solution File, Format Version 12.00
# Visual Studio Version 17
VisualStudioVersion = 17.2.32526.322
MinimumVisualStudioVersion = 10.0.40219.1
Project("{9A19103F-16F7-4668-BE54-9A1E7A4F7556}") = "API", "shopping-app-server\API.csproj", "{3D9ED7F0-F697-4B64-A130-50E2EA38FF1C}"
EndProject
Project("{9A19103F-16F7-4668-BE54-9A1E7A4F7556}") = "InvoicePrintFormat", "InvoicerPrint\InvoicerNETCore\InvoicePrintFormat.csproj", "{F3FB1F03-6802-4E01-B24B-AB5BCF1DA4C5}"
EndProject
Project("{9A19103F-16F7-4668-BE54-9A1E7A4F7556}") = "InvoicerNETCore.CLI", "InvoicerPrint\InvoicerNETCore.CLI\InvoicerNETCore.CLI.csproj", "{76BBB998-5D17-4C93-8D7F-C638A048DDF7}"
EndProject
Global
	GlobalSection(SolutionConfigurationPlatforms) = preSolution
		Debug|Any CPU = Debug|Any CPU
		Release|Any CPU = Release|Any CPU
	EndGlobalSection
	GlobalSection(ProjectConfigurationPlatforms) = postSolution
		{3D9ED7F0-F697-4B64-A130-50E2EA38FF1C}.Debug|Any CPU.ActiveCfg = Debug|Any CPU
		{3D9ED7F0-F697-4B64-A130-50E2EA38FF1C}.Debug|Any CPU.Build.0 = Debug|Any CPU
		{3D9ED7F0-F697-4B64-A130-50E2EA38FF1C}.Release|Any CPU.ActiveCfg = Release|Any CPU
		{3D9ED7F0-F697-4B64-A130-50E2EA38FF1C}.Release|Any CPU.Build.0 = Release|Any CPU
		{F3FB1F03-6802-4E01-B24B-AB5BCF1DA4C5}.Debug|Any CPU.ActiveCfg = Debug|Any CPU
		{F3FB1F03-6802-4E01-B24B-AB5BCF1DA4C5}.Debug|Any CPU.Build.0 = Debug|Any CPU
		{F3FB1F03-6802-4E01-B24B-AB5BCF1DA4C5}.Release|Any CPU.ActiveCfg = Release|Any CPU
		{F3FB1F03-6802-4E01-B24B-AB5BCF1DA4C5}.Release|Any CPU.Build.0 = Release|Any CPU
		{76BBB998-5D17-4C93-8D7F-C638A048DDF7}.Debug|Any CPU.ActiveCfg = Debug|Any CPU
		{76BBB998-5D17-4C93-8D7F-C638A048DDF7}.Debug|Any CPU.Build.0 = Debug|Any CPU
		{76BBB998-5D17-4C93-8D7F-C638A048DDF7}.Release|Any CPU.ActiveCfg = Release|Any CPU
		{76BBB998-5D17-4C93-8D7F-C638A048DDF7}.Release|Any CPU.Build.0 = Release|Any CPU
	EndGlobalSection
	GlobalSection(SolutionProperties) = preSolution
		HideSolutionNode = FALSE
	EndGlobalSection
	GlobalSection(ExtensibilityGlobals) = postSolution
		SolutionGuid = {0B3A0E7F-2D5D-40DA-AD19-EE0919DE037A}
	EndGlobalSection
EndGlobal
